
Microsoft Visual Studio Solution File, Format Version 12.00
# Visual Studio 2012
Project("{FAE04EC0-301F-11D3-BF4B-00C04F79EFBC}") = "WindowsFormsApplication1", "WindowsFormsApplication1\WindowsFormsApplication1.csproj", "{F973160A-7987-4EA8-952A-B86AC8049F12}"
EndProject
Global
	GlobalSection(SolutionConfigurationPlatforms) = preSolution
		Debug|Any CPU = Debug|Any CPU
		Release|Any CPU = Release|Any CPU
	EndGlobalSection
	GlobalSection(ProjectConfigurationPlatforms) = postSolution
		{F973160A-7987-4EA8-952A-B86AC8049F12}.Debug|Any CPU.ActiveCfg = Debug|Any CPU
		{F973160A-7987-4EA8-952A-B86AC8049F12}.Debug|Any CPU.Build.0 = Debug|Any CPU
		{F973160A-7987-4EA8-952A-B86AC8049F12}.Release|Any CPU.ActiveCfg = Release|Any CPU
		{F973160A-7987-4EA8-952A-B86AC8049F12}.Release|Any CPU.Build.0 = Release|Any CPU
	EndGlobalSection
	GlobalSection(SolutionProperties) = preSolution
		HideSolutionNode = FALSE
	EndGlobalSection
EndGlobal
